
Microsoft Visual Studio Solution File, Format Version 12.00
# Visual Studio Version 17
VisualStudioVersion = 17.4.33110.190
MinimumVisualStudioVersion = 10.0.40219.1
Project("{9A19103F-16F7-4668-BE54-9A1E7A4F7556}") = "ENCODER", "ENCODER\ENCODER.csproj", "{0643D729-56A6-4059-AFE6-86857FE8CBA1}"
EndProject
Project("{FAE04EC0-301F-11D3-BF4B-00C04F79EFBC}") = "TeaCiphers", "TeaCiphers\TeaCiphers.csproj", "{10AE701E-2667-44BD-AA7A-32A2BE7D4F54}"
EndProject
Project("{FAE04EC0-301F-11D3-BF4B-00C04F79EFBC}") = "TeaTests", "TeaTests\TeaTests.csproj", "{50A6C457-ECE8-484C-8B3F-9291F2610ADD}"
EndProject
Global
	GlobalSection(SolutionConfigurationPlatforms) = preSolution
		Debug|Any CPU = Debug|Any CPU
		Release|Any CPU = Release|Any CPU
	EndGlobalSection
	GlobalSection(ProjectConfigurationPlatforms) = postSolution
		{0643D729-56A6-4059-AFE6-86857FE8CBA1}.Debug|Any CPU.ActiveCfg = Debug|Any CPU
		{0643D729-56A6-4059-AFE6-86857FE8CBA1}.Debug|Any CPU.Build.0 = Debug|Any CPU
		{0643D729-56A6-4059-AFE6-86857FE8CBA1}.Debug|Any CPU.Deploy.0 = Debug|Any CPU
		{0643D729-56A6-4059-AFE6-86857FE8CBA1}.Release|Any CPU.ActiveCfg = Release|Any CPU
		{0643D729-56A6-4059-AFE6-86857FE8CBA1}.Release|Any CPU.Build.0 = Release|Any CPU
		{10AE701E-2667-44BD-AA7A-32A2BE7D4F54}.Debug|Any CPU.ActiveCfg = Debug|Any CPU
		{10AE701E-2667-44BD-AA7A-32A2BE7D4F54}.Debug|Any CPU.Build.0 = Debug|Any CPU
		{10AE701E-2667-44BD-AA7A-32A2BE7D4F54}.Release|Any CPU.ActiveCfg = Release|Any CPU
		{10AE701E-2667-44BD-AA7A-32A2BE7D4F54}.Release|Any CPU.Build.0 = Release|Any CPU
		{50A6C457-ECE8-484C-8B3F-9291F2610ADD}.Debug|Any CPU.ActiveCfg = Debug|Any CPU
		{50A6C457-ECE8-484C-8B3F-9291F2610ADD}.Debug|Any CPU.Build.0 = Debug|Any CPU
		{50A6C457-ECE8-484C-8B3F-9291F2610ADD}.Release|Any CPU.ActiveCfg = Release|Any CPU
		{50A6C457-ECE8-484C-8B3F-9291F2610ADD}.Release|Any CPU.Build.0 = Release|Any CPU
	EndGlobalSection
	GlobalSection(SolutionProperties) = preSolution
		HideSolutionNode = FALSE
	EndGlobalSection
	GlobalSection(ExtensibilityGlobals) = postSolution
		SolutionGuid = {482C4F65-FE9D-416D-BCF1-56505B753C95}
	EndGlobalSection
EndGlobal
